
Microsoft Visual Studio Solution File, Format Version 12.00
# Visual Studio Version 16
VisualStudioVersion = 16.0.30907.101
MinimumVisualStudioVersion = 10.0.40219.1
Project("{F184B08F-C81C-45F6-A57F-5ABD9991F28F}") = "AgenteOmega", "AgenteOmega\AgenteOmega.vbproj", "{30EAD5FB-9EB9-45B1-AEDE-CCA32BB31CC3}"
EndProject
Global
	GlobalSection(SolutionConfigurationPlatforms) = preSolution
		Debug|Any CPU = Debug|Any CPU
		Release|Any CPU = Release|Any CPU
	EndGlobalSection
	GlobalSection(ProjectConfigurationPlatforms) = postSolution
		{30EAD5FB-9EB9-45B1-AEDE-CCA32BB31CC3}.Debug|Any CPU.ActiveCfg = Debug|Any CPU
		{30EAD5FB-9EB9-45B1-AEDE-CCA32BB31CC3}.Debug|Any CPU.Build.0 = Debug|Any CPU
		{30EAD5FB-9EB9-45B1-AEDE-CCA32BB31CC3}.Release|Any CPU.ActiveCfg = Release|Any CPU
		{30EAD5FB-9EB9-45B1-AEDE-CCA32BB31CC3}.Release|Any CPU.Build.0 = Release|Any CPU
	EndGlobalSection
	GlobalSection(SolutionProperties) = preSolution
		HideSolutionNode = FALSE
	EndGlobalSection
	GlobalSection(ExtensibilityGlobals) = postSolution
		SolutionGuid = {3592CF70-812F-468B-AA24-73D9C369F71F}
	EndGlobalSection
EndGlobal
